
Microsoft Visual Studio Solution File, Format Version 12.00
# Visual Studio Version 17
VisualStudioVersion = 17.4.33213.308
MinimumVisualStudioVersion = 10.0.40219.1
Project("{9A19103F-16F7-4668-BE54-9A1E7A4F7556}") = "Bobs poop Toolsx", "Bobs poop Toolsx\Bobs poop Toolsx.csproj", "{2953DCEB-1427-414A-B8A3-5179EA7BA867}"
EndProject
Project("{9A19103F-16F7-4668-BE54-9A1E7A4F7556}") = "DomoTcpServer", "DomoTcpServer\DomoTcpServer.csproj", "{5FC2A513-C0F9-4008-97E9-4C1900CFB332}"
EndProject
Project("{9A19103F-16F7-4668-BE54-9A1E7A4F7556}") = "DomoTcpClientTest", "DomoTcpClientTest\DomoTcpClientTest.csproj", "{E9364E0B-AAA9-46C4-81B6-9AEA6F73874D}"
EndProject
Project("{9A19103F-16F7-4668-BE54-9A1E7A4F7556}") = "DomoTcpServer2", "DomoTcpServer2\DomoTcpServer2.csproj", "{165C2BD2-75B5-41D7-B2A1-07C07C5B313B}"
EndProject
Project("{9A19103F-16F7-4668-BE54-9A1E7A4F7556}") = "LuaMapCreator", "LuaMapCreator\LuaMapCreator.csproj", "{BFCDC3EF-D086-4340-9C2C-134AAB8179CC}"
EndProject
Project("{9A19103F-16F7-4668-BE54-9A1E7A4F7556}") = "ConsoleApp1", "ConsoleApp1\ConsoleApp1.csproj", "{4502609B-2536-4C6D-90DD-DB01EDDA49A5}"
EndProject
Project("{FAE04EC0-301F-11D3-BF4B-00C04F79EFBC}") = "DomoDNSServer", "DomoDNSServer\DomoDNSServer.csproj", "{FFC56735-6E73-4ED2-9DAD-30E07332F934}"
EndProject
Project("{2150E333-8FDC-42A3-9474-1A3956D46DE8}") = "Server", "Server", "{96FEC510-9AEE-4ED2-9BA0-55C2845E3D49}"
EndProject
Project("{2150E333-8FDC-42A3-9474-1A3956D46DE8}") = "TCP", "TCP", "{104F8F60-002A-4D94-AA13-B8D85AC29F4F}"
EndProject
Project("{2150E333-8FDC-42A3-9474-1A3956D46DE8}") = "Client", "Client", "{FB58F4F4-4967-46E5-93A2-90E8C8E47A38}"
EndProject
Project("{2150E333-8FDC-42A3-9474-1A3956D46DE8}") = "TCP", "TCP", "{D923699A-231E-4856-B7A7-BA1A20A4F3AE}"
EndProject
Project("{2150E333-8FDC-42A3-9474-1A3956D46DE8}") = "IDK", "IDK", "{2A13125E-65E6-4D90-BD2E-9A63A0872B00}"
EndProject
Project("{FAE04EC0-301F-11D3-BF4B-00C04F79EFBC}") = "DomoDNSServer2", "DomoDNSServer2\DomoDNSServer2.csproj", "{23F715C5-3084-4CAE-8F47-954BCFD8DB56}"
EndProject
Global
	GlobalSection(SolutionConfigurationPlatforms) = preSolution
		Debug|Any CPU = Debug|Any CPU
		Release|Any CPU = Release|Any CPU
	EndGlobalSection
	GlobalSection(ProjectConfigurationPlatforms) = postSolution
		{2953DCEB-1427-414A-B8A3-5179EA7BA867}.Debug|Any CPU.ActiveCfg = Debug|Any CPU
		{2953DCEB-1427-414A-B8A3-5179EA7BA867}.Debug|Any CPU.Build.0 = Debug|Any CPU
		{2953DCEB-1427-414A-B8A3-5179EA7BA867}.Release|Any CPU.ActiveCfg = Release|Any CPU
		{2953DCEB-1427-414A-B8A3-5179EA7BA867}.Release|Any CPU.Build.0 = Release|Any CPU
		{5FC2A513-C0F9-4008-97E9-4C1900CFB332}.Debug|Any CPU.ActiveCfg = Debug|Any CPU
		{5FC2A513-C0F9-4008-97E9-4C1900CFB332}.Debug|Any CPU.Build.0 = Debug|Any CPU
		{5FC2A513-C0F9-4008-97E9-4C1900CFB332}.Release|Any CPU.ActiveCfg = Release|Any CPU
		{5FC2A513-C0F9-4008-97E9-4C1900CFB332}.Release|Any CPU.Build.0 = Release|Any CPU
		{E9364E0B-AAA9-46C4-81B6-9AEA6F73874D}.Debug|Any CPU.ActiveCfg = Debug|Any CPU
		{E9364E0B-AAA9-46C4-81B6-9AEA6F73874D}.Debug|Any CPU.Build.0 = Debug|Any CPU
		{E9364E0B-AAA9-46C4-81B6-9AEA6F73874D}.Release|Any CPU.ActiveCfg = Release|Any CPU
		{E9364E0B-AAA9-46C4-81B6-9AEA6F73874D}.Release|Any CPU.Build.0 = Release|Any CPU
		{165C2BD2-75B5-41D7-B2A1-07C07C5B313B}.Debug|Any CPU.ActiveCfg = Debug|Any CPU
		{165C2BD2-75B5-41D7-B2A1-07C07C5B313B}.Debug|Any CPU.Build.0 = Debug|Any CPU
		{165C2BD2-75B5-41D7-B2A1-07C07C5B313B}.Release|Any CPU.ActiveCfg = Release|Any CPU
		{165C2BD2-75B5-41D7-B2A1-07C07C5B313B}.Release|Any CPU.Build.0 = Release|Any CPU
		{BFCDC3EF-D086-4340-9C2C-134AAB8179CC}.Debug|Any CPU.ActiveCfg = Debug|Any CPU
		{BFCDC3EF-D086-4340-9C2C-134AAB8179CC}.Debug|Any CPU.Build.0 = Debug|Any CPU
		{BFCDC3EF-D086-4340-9C2C-134AAB8179CC}.Release|Any CPU.ActiveCfg = Release|Any CPU
		{BFCDC3EF-D086-4340-9C2C-134AAB8179CC}.Release|Any CPU.Build.0 = Release|Any CPU
		{4502609B-2536-4C6D-90DD-DB01EDDA49A5}.Debug|Any CPU.ActiveCfg = Debug|Any CPU
		{4502609B-2536-4C6D-90DD-DB01EDDA49A5}.Debug|Any CPU.Build.0 = Debug|Any CPU
		{4502609B-2536-4C6D-90DD-DB01EDDA49A5}.Release|Any CPU.ActiveCfg = Release|Any CPU
		{4502609B-2536-4C6D-90DD-DB01EDDA49A5}.Release|Any CPU.Build.0 = Release|Any CPU
		{FFC56735-6E73-4ED2-9DAD-30E07332F934}.Debug|Any CPU.ActiveCfg = Debug|Any CPU
		{FFC56735-6E73-4ED2-9DAD-30E07332F934}.Debug|Any CPU.Build.0 = Debug|Any CPU
		{FFC56735-6E73-4ED2-9DAD-30E07332F934}.Release|Any CPU.ActiveCfg = Release|Any CPU
		{FFC56735-6E73-4ED2-9DAD-30E07332F934}.Release|Any CPU.Build.0 = Release|Any CPU
		{23F715C5-3084-4CAE-8F47-954BCFD8DB56}.Debug|Any CPU.ActiveCfg = Debug|Any CPU
		{23F715C5-3084-4CAE-8F47-954BCFD8DB56}.Debug|Any CPU.Build.0 = Debug|Any CPU
		{23F715C5-3084-4CAE-8F47-954BCFD8DB56}.Release|Any CPU.ActiveCfg = Release|Any CPU
		{23F715C5-3084-4CAE-8F47-954BCFD8DB56}.Release|Any CPU.Build.0 = Release|Any CPU
	EndGlobalSection
	GlobalSection(SolutionProperties) = preSolution
		HideSolutionNode = FALSE
	EndGlobalSection
	GlobalSection(NestedProjects) = preSolution
		{5FC2A513-C0F9-4008-97E9-4C1900CFB332} = {104F8F60-002A-4D94-AA13-B8D85AC29F4F}
		{E9364E0B-AAA9-46C4-81B6-9AEA6F73874D} = {D923699A-231E-4856-B7A7-BA1A20A4F3AE}
		{165C2BD2-75B5-41D7-B2A1-07C07C5B313B} = {104F8F60-002A-4D94-AA13-B8D85AC29F4F}
		{BFCDC3EF-D086-4340-9C2C-134AAB8179CC} = {2A13125E-65E6-4D90-BD2E-9A63A0872B00}
		{4502609B-2536-4C6D-90DD-DB01EDDA49A5} = {2A13125E-65E6-4D90-BD2E-9A63A0872B00}
		{FFC56735-6E73-4ED2-9DAD-30E07332F934} = {96FEC510-9AEE-4ED2-9BA0-55C2845E3D49}
		{104F8F60-002A-4D94-AA13-B8D85AC29F4F} = {96FEC510-9AEE-4ED2-9BA0-55C2845E3D49}
		{D923699A-231E-4856-B7A7-BA1A20A4F3AE} = {FB58F4F4-4967-46E5-93A2-90E8C8E47A38}
		{23F715C5-3084-4CAE-8F47-954BCFD8DB56} = {96FEC510-9AEE-4ED2-9BA0-55C2845E3D49}
	EndGlobalSection
	GlobalSection(ExtensibilityGlobals) = postSolution
		SolutionGuid = {9D9C72F1-FFFF-4B1E-87F5-183CE72F5A4F}
	EndGlobalSection
EndGlobal
